
Microsoft Visual Studio Solution File, Format Version 12.00
# Visual Studio Version 17
VisualStudioVersion = 17.0.32112.339
MinimumVisualStudioVersion = 10.0.40219.1
Project("{FAE04EC0-301F-11D3-BF4B-00C04F79EFBC}") = "StaticExercise", "StaticExercise.csproj", "{2902CE04-7AD2-4897-A7FA-7026BE179F10}"
EndProject
Global
	GlobalSection(SolutionConfigurationPlatforms) = preSolution
		Debug|Any CPU = Debug|Any CPU
		Release|Any CPU = Release|Any CPU
	EndGlobalSection
	GlobalSection(ProjectConfigurationPlatforms) = postSolution
		{2902CE04-7AD2-4897-A7FA-7026BE179F10}.Debug|Any CPU.ActiveCfg = Debug|Any CPU
		{2902CE04-7AD2-4897-A7FA-7026BE179F10}.Debug|Any CPU.Build.0 = Debug|Any CPU
		{2902CE04-7AD2-4897-A7FA-7026BE179F10}.Release|Any CPU.ActiveCfg = Release|Any CPU
		{2902CE04-7AD2-4897-A7FA-7026BE179F10}.Release|Any CPU.Build.0 = Release|Any CPU
	EndGlobalSection
	GlobalSection(SolutionProperties) = preSolution
		HideSolutionNode = FALSE
	EndGlobalSection
	GlobalSection(ExtensibilityGlobals) = postSolution
		SolutionGuid = {9BF13222-7BD5-4CEE-9DB9-DC3F8D97439D}
	EndGlobalSection
EndGlobal
